
Microsoft Visual Studio Solution File, Format Version 12.00
# Visual Studio 15
VisualStudioVersion = 15.0.27130.2027
MinimumVisualStudioVersion = 10.0.40219.1
Project("{FAE04EC0-301F-11D3-BF4B-00C04F79EFBC}") = "ExemploMDFe", "ExemploMDFe\ExemploMDFe.csproj", "{BB092653-FCA6-41EA-B4F9-1B501C94E1E8}"
EndProject
Global
	GlobalSection(SolutionConfigurationPlatforms) = preSolution
		Debug|Any CPU = Debug|Any CPU
		Release|Any CPU = Release|Any CPU
	EndGlobalSection
	GlobalSection(ProjectConfigurationPlatforms) = postSolution
		{BB092653-FCA6-41EA-B4F9-1B501C94E1E8}.Debug|Any CPU.ActiveCfg = Debug|Any CPU
		{BB092653-FCA6-41EA-B4F9-1B501C94E1E8}.Debug|Any CPU.Build.0 = Debug|Any CPU
		{BB092653-FCA6-41EA-B4F9-1B501C94E1E8}.Release|Any CPU.ActiveCfg = Release|Any CPU
		{BB092653-FCA6-41EA-B4F9-1B501C94E1E8}.Release|Any CPU.Build.0 = Release|Any CPU
	EndGlobalSection
	GlobalSection(SolutionProperties) = preSolution
		HideSolutionNode = FALSE
	EndGlobalSection
	GlobalSection(ExtensibilityGlobals) = postSolution
		SolutionGuid = {86567307-B07A-4E68-9620-1E483DEB2086}
	EndGlobalSection
EndGlobal
